{
  "version": 4,
  "terraform_version": "1.6.4",
  "serial": 16,
  "lineage": "bce96926-1261-9f24-c357-1857b868b498",
  "outputs": {},
  "resources": [
    {
      "mode": "data",
      "type": "google_firebase_web_app_config",
      "name": "example",
      "provider": "provider[\"registry.terraform.io/hashicorp/google-beta\"]",
      "instances": [
        {
          "schema_version": 0,
          "attributes": {
            "api_key": "AIzaSyAVU23TxBBcPwBqkFT8g0lJKZlshyGuPfM",
            "auth_domain": "in-firebase-ai-app.firebaseapp.com",
            "database_url": "",
            "id": "1:270013249226:web:793b6604b537261d27e633",
            "location_id": "",
            "measurement_id": "",
            "messaging_sender_id": "270013249226",
            "project": "in-firebase-ai-app",
            "storage_bucket": "in-firebase-ai-app.appspot.com",
            "web_app_id": "1:270013249226:web:793b6604b537261d27e633"
          },
          "sensitive_attributes": []
        }
      ]
    },
    {
      "mode": "data",
      "type": "google_project",
      "name": "project",
      "provider": "provider[\"registry.terraform.io/hashicorp/google-beta\"]",
      "instances": [
        {
          "schema_version": 0,
          "attributes": {
            "auto_create_network": null,
            "billing_account": null,
            "deletion_policy": "DELETE",
            "effective_labels": {
              "firebase": "enabled"
            },
            "folder_id": null,
            "id": "projects/in-firebase-ai-app",
            "labels": {
              "firebase": "enabled"
            },
            "name": "Inyat Firebase AI App",
            "number": "270013249226",
            "org_id": null,
            "project_id": "in-firebase-ai-app",
            "skip_delete": null,
            "terraform_labels": {
              "firebase": "enabled"
            }
          },
          "sensitive_attributes": []
        }
      ]
    },
    {
      "mode": "managed",
      "type": "google_apikeys_key",
      "name": "generativelanguage",
      "provider": "provider[\"registry.terraform.io/hashicorp/google-beta\"]",
      "instances": [
        {
          "schema_version": 0,
          "attributes": {
            "display_name": "Gemini API Key",
            "id": "projects/in-firebase-ai-app/locations/global/keys/gemini-api-key",
            "key_string": "AIzaSyDsOjVHfX7sRP2OQTbMOeqjq0fj1jRvt2E",
            "name": "gemini-api-key",
            "project": "in-firebase-ai-app",
            "restrictions": [
              {
                "android_key_restrictions": [],
                "api_targets": [
                  {
                    "methods": null,
                    "service": "generativelanguage.googleapis.com"
                  }
                ],
                "browser_key_restrictions": [
                  {
                    "allowed_referrers": [
                      "*"
                    ]
                  }
                ],
                "ios_key_restrictions": [],
                "server_key_restrictions": []
              }
            ],
            "timeouts": null,
            "uid": "63456a75-24fd-4715-8fcb-4c25e52f24a2"
          },
          "sensitive_attributes": [],
          "private": "eyJlMmJmYjczMC1lY2FhLTExZTYtOGY4OC0zNDM2M2JjN2M0YzAiOnsiY3JlYXRlIjoxMjAwMDAwMDAwMDAwLCJkZWxldGUiOjEyMDAwMDAwMDAwMDAsInVwZGF0ZSI6MTIwMDAwMDAwMDAwMH19",
          "dependencies": [
            "google_project_service.services"
          ]
        }
      ]
    },
    {
      "mode": "managed",
      "type": "google_firebase_web_app",
      "name": "example",
      "provider": "provider[\"registry.terraform.io/hashicorp/google-beta\"]",
      "instances": [
        {
          "schema_version": 0,
          "attributes": {
            "api_key_id": "9f886a0d-fe47-4532-8eed-cd70893c7831",
            "app_id": "1:270013249226:web:793b6604b537261d27e633",
            "app_urls": [],
            "deletion_policy": "DELETE",
            "display_name": "Make It So AI!",
            "id": "projects/in-firebase-ai-app/webApps/1:270013249226:web:793b6604b537261d27e633",
            "name": "projects/in-firebase-ai-app/webApps/1:270013249226:web:793b6604b537261d27e633",
            "project": "in-firebase-ai-app",
            "timeouts": null
          },
          "sensitive_attributes": [],
          "private": "eyJlMmJmYjczMC1lY2FhLTExZTYtOGY4OC0zNDM2M2JjN2M0YzAiOnsiY3JlYXRlIjoxMjAwMDAwMDAwMDAwLCJkZWxldGUiOjEyMDAwMDAwMDAwMDAsInVwZGF0ZSI6MTIwMDAwMDAwMDAwMH19"
        }
      ]
    },
    {
      "mode": "managed",
      "type": "google_firebaserules_release",
      "name": "firestore",
      "provider": "provider[\"registry.terraform.io/hashicorp/google-beta\"]",
      "instances": [
        {
          "schema_version": 0,
          "attributes": {
            "create_time": "2024-10-24T09:58:54.327437Z",
            "disabled": false,
            "id": "projects/in-firebase-ai-app/releases/cloud.firestore",
            "name": "cloud.firestore",
            "project": "in-firebase-ai-app",
            "ruleset_name": "052cf909-7975-4d72-be15-e58fc6e440a3",
            "timeouts": null,
            "update_time": "2024-10-24T09:58:54.327437Z"
          },
          "sensitive_attributes": [],
          "private": "eyJlMmJmYjczMC1lY2FhLTExZTYtOGY4OC0zNDM2M2JjN2M0YzAiOnsiY3JlYXRlIjoxMjAwMDAwMDAwMDAwLCJkZWxldGUiOjEyMDAwMDAwMDAwMDB9fQ==",
          "dependencies": [
            "google_firebaserules_ruleset.firestore",
            "google_firestore_database.database",
            "google_project_service.services",
            "local_file.firestore_rules"
          ]
        }
      ]
    },
    {
      "mode": "managed",
      "type": "google_firebaserules_ruleset",
      "name": "firestore",
      "provider": "provider[\"registry.terraform.io/hashicorp/google-beta\"]",
      "instances": [
        {
          "schema_version": 0,
          "attributes": {
            "create_time": "2024-10-24T09:58:52.206622Z",
            "id": "projects/in-firebase-ai-app/rulesets/052cf909-7975-4d72-be15-e58fc6e440a3",
            "metadata": [
              {
                "services": [
                  "cloud.firestore"
                ]
              }
            ],
            "name": "052cf909-7975-4d72-be15-e58fc6e440a3",
            "project": "in-firebase-ai-app",
            "source": [
              {
                "files": [
                  {
                    "content": "service cloud.firestore {\n  match /databases/{database}/documents/{document=**} {\n    allow read, write: if request.auth != null \u0026\u0026 request.time \u003c timestamp.date(2024, 11, 23);\n  }\n}\n",
                    "fingerprint": "",
                    "name": "firestore.rules"
                  }
                ],
                "language": ""
              }
            ],
            "timeouts": null
          },
          "sensitive_attributes": [],
          "private": "eyJlMmJmYjczMC1lY2FhLTExZTYtOGY4OC0zNDM2M2JjN2M0YzAiOnsiY3JlYXRlIjoxMjAwMDAwMDAwMDAwLCJkZWxldGUiOjEyMDAwMDAwMDAwMDB9fQ==",
          "dependencies": [
            "google_firestore_database.database",
            "google_project_service.services",
            "local_file.firestore_rules"
          ]
        }
      ]
    },
    {
      "mode": "managed",
      "type": "google_firestore_database",
      "name": "database",
      "provider": "provider[\"registry.terraform.io/hashicorp/google-beta\"]",
      "instances": [
        {
          "schema_version": 0,
          "attributes": {
            "app_engine_integration_mode": "DISABLED",
            "cmek_config": [],
            "concurrency_mode": "PESSIMISTIC",
            "create_time": "",
            "delete_protection_state": "DELETE_PROTECTION_DISABLED",
            "deletion_policy": "ABANDON",
            "earliest_version_time": "2024-10-24T09:58:39.959730Z",
            "etag": "IIzcteXgpokDMLKt+t/gpokD",
            "id": "projects/in-firebase-ai-app/databases/(default)",
            "key_prefix": "",
            "location_id": "nam5",
            "name": "(default)",
            "point_in_time_recovery_enablement": "POINT_IN_TIME_RECOVERY_DISABLED",
            "project": "in-firebase-ai-app",
            "timeouts": null,
            "type": "FIRESTORE_NATIVE",
            "uid": "9d349d3e-8dc3-4af5-83f1-f8af15248819",
            "update_time": "",
            "version_retention_period": "3600s"
          },
          "sensitive_attributes": [],
          "private": "eyJlMmJmYjczMC1lY2FhLTExZTYtOGY4OC0zNDM2M2JjN2M0YzAiOnsiY3JlYXRlIjoxMjAwMDAwMDAwMDAwLCJkZWxldGUiOjEyMDAwMDAwMDAwMDAsInVwZGF0ZSI6MTIwMDAwMDAwMDAwMH19",
          "dependencies": [
            "google_project_service.services"
          ]
        }
      ]
    },
    {
      "mode": "managed",
      "type": "google_project_service",
      "name": "services",
      "provider": "provider[\"registry.terraform.io/hashicorp/google-beta\"]",
      "instances": [
        {
          "index_key": "apikeys.googleapis.com",
          "schema_version": 0,
          "attributes": {
            "check_if_service_has_usage_on_destroy": false,
            "disable_dependent_services": null,
            "disable_on_destroy": false,
            "id": "in-firebase-ai-app/apikeys.googleapis.com",
            "project": "in-firebase-ai-app",
            "service": "apikeys.googleapis.com",
            "timeouts": null
          },
          "sensitive_attributes": [],
          "private": "eyJlMmJmYjczMC1lY2FhLTExZTYtOGY4OC0zNDM2M2JjN2M0YzAiOnsiY3JlYXRlIjoxMjAwMDAwMDAwMDAwLCJkZWxldGUiOjEyMDAwMDAwMDAwMDAsInJlYWQiOjYwMDAwMDAwMDAwMCwidXBkYXRlIjoxMjAwMDAwMDAwMDAwfX0="
        },
        {
          "index_key": "firebaserules.googleapis.com",
          "schema_version": 0,
          "attributes": {
            "check_if_service_has_usage_on_destroy": false,
            "disable_dependent_services": null,
            "disable_on_destroy": false,
            "id": "in-firebase-ai-app/firebaserules.googleapis.com",
            "project": "in-firebase-ai-app",
            "service": "firebaserules.googleapis.com",
            "timeouts": null
          },
          "sensitive_attributes": [],
          "private": "eyJlMmJmYjczMC1lY2FhLTExZTYtOGY4OC0zNDM2M2JjN2M0YzAiOnsiY3JlYXRlIjoxMjAwMDAwMDAwMDAwLCJkZWxldGUiOjEyMDAwMDAwMDAwMDAsInJlYWQiOjYwMDAwMDAwMDAwMCwidXBkYXRlIjoxMjAwMDAwMDAwMDAwfX0="
        },
        {
          "index_key": "firestore.googleapis.com",
          "schema_version": 0,
          "attributes": {
            "check_if_service_has_usage_on_destroy": false,
            "disable_dependent_services": null,
            "disable_on_destroy": false,
            "id": "in-firebase-ai-app/firestore.googleapis.com",
            "project": "in-firebase-ai-app",
            "service": "firestore.googleapis.com",
            "timeouts": null
          },
          "sensitive_attributes": [],
          "private": "eyJlMmJmYjczMC1lY2FhLTExZTYtOGY4OC0zNDM2M2JjN2M0YzAiOnsiY3JlYXRlIjoxMjAwMDAwMDAwMDAwLCJkZWxldGUiOjEyMDAwMDAwMDAwMDAsInJlYWQiOjYwMDAwMDAwMDAwMCwidXBkYXRlIjoxMjAwMDAwMDAwMDAwfX0="
        },
        {
          "index_key": "generativelanguage.googleapis.com",
          "schema_version": 0,
          "attributes": {
            "check_if_service_has_usage_on_destroy": false,
            "disable_dependent_services": null,
            "disable_on_destroy": false,
            "id": "in-firebase-ai-app/generativelanguage.googleapis.com",
            "project": "in-firebase-ai-app",
            "service": "generativelanguage.googleapis.com",
            "timeouts": null
          },
          "sensitive_attributes": [],
          "private": "eyJlMmJmYjczMC1lY2FhLTExZTYtOGY4OC0zNDM2M2JjN2M0YzAiOnsiY3JlYXRlIjoxMjAwMDAwMDAwMDAwLCJkZWxldGUiOjEyMDAwMDAwMDAwMDAsInJlYWQiOjYwMDAwMDAwMDAwMCwidXBkYXRlIjoxMjAwMDAwMDAwMDAwfX0="
        },
        {
          "index_key": "serviceusage.googleapis.com",
          "schema_version": 0,
          "attributes": {
            "check_if_service_has_usage_on_destroy": false,
            "disable_dependent_services": null,
            "disable_on_destroy": false,
            "id": "in-firebase-ai-app/serviceusage.googleapis.com",
            "project": "in-firebase-ai-app",
            "service": "serviceusage.googleapis.com",
            "timeouts": null
          },
          "sensitive_attributes": [],
          "private": "eyJlMmJmYjczMC1lY2FhLTExZTYtOGY4OC0zNDM2M2JjN2M0YzAiOnsiY3JlYXRlIjoxMjAwMDAwMDAwMDAwLCJkZWxldGUiOjEyMDAwMDAwMDAwMDAsInJlYWQiOjYwMDAwMDAwMDAwMCwidXBkYXRlIjoxMjAwMDAwMDAwMDAwfX0="
        }
      ]
    },
    {
      "mode": "managed",
      "type": "google_service_usage_consumer_quota_override",
      "name": "generativelanguage",
      "provider": "provider[\"registry.terraform.io/hashicorp/google-beta\"]",
      "instances": [
        {
          "schema_version": 0,
          "attributes": {
            "dimensions": null,
            "force": true,
            "id": "projects/in-firebase-ai-app/services/generativelanguage.googleapis.com/consumerQuotaMetrics/generativelanguage.googleapis.com%2Fgenerate_requests_per_model/limits/%2Fmin%2Fmodel%2Fproject/consumerOverrides/Cg1RdW90YU92ZXJyaWRl",
            "limit": "%2Fmin%2Fmodel%2Fproject",
            "metric": "generativelanguage.googleapis.com%2Fgenerate_requests_per_model",
            "name": "Cg1RdW90YU92ZXJyaWRl",
            "override_value": "10",
            "project": "in-firebase-ai-app",
            "service": "generativelanguage.googleapis.com",
            "timeouts": null
          },
          "sensitive_attributes": [],
          "private": "eyJlMmJmYjczMC1lY2FhLTExZTYtOGY4OC0zNDM2M2JjN2M0YzAiOnsiY3JlYXRlIjoxMjAwMDAwMDAwMDAwLCJkZWxldGUiOjEyMDAwMDAwMDAwMDAsInVwZGF0ZSI6MTIwMDAwMDAwMDAwMH19",
          "dependencies": [
            "google_project_service.services"
          ]
        }
      ]
    },
    {
      "mode": "managed",
      "type": "local_file",
      "name": "environment_ts",
      "provider": "provider[\"registry.terraform.io/hashicorp/local\"]",
      "instances": [
        {
          "schema_version": 0,
          "attributes": {
            "content": "export const environment = {\n  firebase: {\n      apiKey: 'AIzaSyAVU23TxBBcPwBqkFT8g0lJKZlshyGuPfM',\n      authDomain: 'in-firebase-ai-app.firebaseapp.com',\n      databaseURL: '',\n      projectId: 'in-firebase-ai-app',\n      storageBucket: 'in-firebase-ai-app.appspot.com',\n      messagingSenderId: '270013249226',\n      appId: '1:270013249226:web:793b6604b537261d27e633',\n      measurementId: '',\n  },\n  gemini_api_key: 'AIzaSyDsOjVHfX7sRP2OQTbMOeqjq0fj1jRvt2E',\n  debug_token: ''\n};",
            "content_base64": null,
            "content_base64sha256": "78q4zkUNj+t+3x3a3FmWDcMbeWyboDn11vlMBrWK2Cs=",
            "content_base64sha512": "cuQS4dsRuZyGz0w/0Q5YpZkMgqtnOL8NgYTqRRymef7tWqs9i4Obz6SPrKM7fKkGkqKlfOtdy5wdwR043R49UQ==",
            "content_md5": "b458d7a4115470b5fbe2474d078e7a4d",
            "content_sha1": "2fcc5d7a672e184a4c792143abb46c4c60900ea4",
            "content_sha256": "efcab8ce450d8feb7edf1ddadc59960dc31b796c9ba039f5d6f94c06b58ad82b",
            "content_sha512": "72e412e1db11b99c86cf4c3fd10e58a5990c82ab6738bf0d8184ea451ca679feed5aab3d8b839bcfa48faca33b7ca90692a2a57ceb5dcb9c1dc11d38dd1e3d51",
            "directory_permission": "0777",
            "file_permission": "0777",
            "filename": "./src/environments/environments.ts",
            "id": "2fcc5d7a672e184a4c792143abb46c4c60900ea4",
            "sensitive_content": null,
            "source": null
          },
          "sensitive_attributes": [
            [
              {
                "type": "get_attr",
                "value": "content"
              }
            ]
          ],
          "dependencies": [
            "data.google_firebase_web_app_config.example",
            "data.google_project.project",
            "google_apikeys_key.generativelanguage",
            "google_firebase_web_app.example",
            "google_project_service.services"
          ]
        }
      ]
    },
    {
      "mode": "managed",
      "type": "local_file",
      "name": "firebaserc",
      "provider": "provider[\"registry.terraform.io/hashicorp/local\"]",
      "instances": [
        {
          "schema_version": 0,
          "attributes": {
            "content": "{\"projects\":{\"default\":\"in-firebase-ai-app\"}}",
            "content_base64": null,
            "content_base64sha256": "AOhPrpF4LXUPM4BMPD3gpXeet5mCHJdkhW2XxmYa7u8=",
            "content_base64sha512": "tEVJ2bPU28QzzX8Ry4v60S/fSm8sLNE10UzNyTtcx3Ca5KNtxI57QiBmMCd/zZ43rYIxy3wGZX9XDjjk33oNAw==",
            "content_md5": "3395911f9e1f6be864e3b81bd757bdff",
            "content_sha1": "f2d3382946c302e4426ede27337c1cfcae9d6b4c",
            "content_sha256": "00e84fae91782d750f33804c3c3de0a5779eb799821c9764856d97c6661aeeef",
            "content_sha512": "b44549d9b3d4dbc433cd7f11cb8bfad12fdf4a6f2c2cd135d14ccdc93b5cc7709ae4a36dc48e7b42206630277fcd9e37ad8231cb7c06657f570e38e4df7a0d03",
            "directory_permission": "0777",
            "file_permission": "0777",
            "filename": "./.firebaserc",
            "id": "f2d3382946c302e4426ede27337c1cfcae9d6b4c",
            "sensitive_content": null,
            "source": null
          },
          "sensitive_attributes": []
        }
      ]
    },
    {
      "mode": "managed",
      "type": "local_file",
      "name": "firestore_rules",
      "provider": "provider[\"registry.terraform.io/hashicorp/local\"]",
      "instances": [
        {
          "schema_version": 0,
          "attributes": {
            "content": "service cloud.firestore {\n  match /databases/{database}/documents/{document=**} {\n    allow read, write: if request.auth != null \u0026\u0026 request.time \u003c timestamp.date(2024, 11, 23);\n  }\n}\n",
            "content_base64": null,
            "content_base64sha256": "CD63hK+53YhURVlfM6fl+f9y0K4l0NkeNLBwFjSe0Kc=",
            "content_base64sha512": "A7abqVc/oWRjBoHQGOEwPDaAeywcFZ0Jhv5Gxh1ziOTmYlvaClzv0XoyhLwJEgxUHXX+SQ7ciphGeXOg5r0o0A==",
            "content_md5": "1b50461b56c8b2be1769c659d721e599",
            "content_sha1": "fd42534de74a6ee95326b51ad7b4ce76e98042e0",
            "content_sha256": "083eb784afb9dd885445595f33a7e5f9ff72d0ae25d0d91e34b07016349ed0a7",
            "content_sha512": "03b69ba9573fa164630681d018e1303c36807b2c1c159d0986fe46c61d7388e4e6625bda0a5cefd17a3284bc09120c541d75fe490edc8a98467973a0e6bd28d0",
            "directory_permission": "0777",
            "file_permission": "0777",
            "filename": "./firestore.rules",
            "id": "fd42534de74a6ee95326b51ad7b4ce76e98042e0",
            "sensitive_content": null,
            "source": null
          },
          "sensitive_attributes": []
        }
      ]
    }
  ],
  "check_results": null
}
